
Microsoft Visual Studio Solution File, Format Version 12.00
# Visual Studio Version 17
VisualStudioVersion = 17.10.34928.147
MinimumVisualStudioVersion = 10.0.40219.1
Project("{FAE04EC0-301F-11D3-BF4B-00C04F79EFBC}") = "LINQAssignment", "LINQAssignment\LINQAssignment.csproj", "{59254E18-9687-479D-8063-8A520431D04C}"
EndProject
Project("{FAE04EC0-301F-11D3-BF4B-00C04F79EFBC}") = "DesignPatternAssignment", "DesignPatternAssignment\DesignPatternAssignment.csproj", "{40EFD177-5C20-456A-92F8-B9C1D297AF6A}"
EndProject
Project("{FAE04EC0-301F-11D3-BF4B-00C04F79EFBC}") = "GeneralAssignment1", "GeneralAssignment1\GeneralAssignment1.csproj", "{28745D65-FF01-4301-9884-CA5DCB602B20}"
EndProject
Global
	GlobalSection(SolutionConfigurationPlatforms) = preSolution
		Debug|Any CPU = Debug|Any CPU
		Release|Any CPU = Release|Any CPU
	EndGlobalSection
	GlobalSection(ProjectConfigurationPlatforms) = postSolution
		{59254E18-9687-479D-8063-8A520431D04C}.Debug|Any CPU.ActiveCfg = Debug|Any CPU
		{59254E18-9687-479D-8063-8A520431D04C}.Debug|Any CPU.Build.0 = Debug|Any CPU
		{59254E18-9687-479D-8063-8A520431D04C}.Release|Any CPU.ActiveCfg = Release|Any CPU
		{59254E18-9687-479D-8063-8A520431D04C}.Release|Any CPU.Build.0 = Release|Any CPU
		{40EFD177-5C20-456A-92F8-B9C1D297AF6A}.Debug|Any CPU.ActiveCfg = Debug|Any CPU
		{40EFD177-5C20-456A-92F8-B9C1D297AF6A}.Debug|Any CPU.Build.0 = Debug|Any CPU
		{40EFD177-5C20-456A-92F8-B9C1D297AF6A}.Release|Any CPU.ActiveCfg = Release|Any CPU
		{40EFD177-5C20-456A-92F8-B9C1D297AF6A}.Release|Any CPU.Build.0 = Release|Any CPU
		{28745D65-FF01-4301-9884-CA5DCB602B20}.Debug|Any CPU.ActiveCfg = Debug|Any CPU
		{28745D65-FF01-4301-9884-CA5DCB602B20}.Debug|Any CPU.Build.0 = Debug|Any CPU
		{28745D65-FF01-4301-9884-CA5DCB602B20}.Release|Any CPU.ActiveCfg = Release|Any CPU
		{28745D65-FF01-4301-9884-CA5DCB602B20}.Release|Any CPU.Build.0 = Release|Any CPU
	EndGlobalSection
	GlobalSection(SolutionProperties) = preSolution
		HideSolutionNode = FALSE
	EndGlobalSection
	GlobalSection(ExtensibilityGlobals) = postSolution
		SolutionGuid = {86F5F651-E073-4535-89F9-704D4202EA34}
	EndGlobalSection
EndGlobal
